
Microsoft Visual Studio Solution File, Format Version 12.00
# Visual Studio Version 17
VisualStudioVersion = 17.6.33829.357
MinimumVisualStudioVersion = 10.0.40219.1
Project("{FAE04EC0-301F-11D3-BF4B-00C04F79EFBC}") = "ResoView", "ResoView\ResoView.csproj", "{CAB054E1-5B96-4702-88A7-DC5812586044}"
EndProject
Global
	GlobalSection(SolutionConfigurationPlatforms) = preSolution
		Debug|Any CPU = Debug|Any CPU
		Release|Any CPU = Release|Any CPU
	EndGlobalSection
	GlobalSection(ProjectConfigurationPlatforms) = postSolution
		{CAB054E1-5B96-4702-88A7-DC5812586044}.Debug|Any CPU.ActiveCfg = Debug|Any CPU
		{CAB054E1-5B96-4702-88A7-DC5812586044}.Debug|Any CPU.Build.0 = Debug|Any CPU
		{CAB054E1-5B96-4702-88A7-DC5812586044}.Release|Any CPU.ActiveCfg = Release|Any CPU
		{CAB054E1-5B96-4702-88A7-DC5812586044}.Release|Any CPU.Build.0 = Release|Any CPU
	EndGlobalSection
	GlobalSection(SolutionProperties) = preSolution
		HideSolutionNode = FALSE
	EndGlobalSection
	GlobalSection(ExtensibilityGlobals) = postSolution
		SolutionGuid = {8EB8EC0F-6787-419F-BD9D-814648F16D56}
	EndGlobalSection
EndGlobal
