
Microsoft Visual Studio Solution File, Format Version 12.00
# Visual Studio Version 17
VisualStudioVersion = 17.6.33829.357
MinimumVisualStudioVersion = 10.0.40219.1
Project("{FAE04EC0-301F-11D3-BF4B-00C04F79EFBC}") = "ResoView", "ResoView\ResoView.csproj", "{C0B4ECED-D613-44AB-B7C1-EE2F6D08CEA8}"
EndProject
Global
	GlobalSection(SolutionConfigurationPlatforms) = preSolution
		Debug|Any CPU = Debug|Any CPU
		Release|Any CPU = Release|Any CPU
	EndGlobalSection
	GlobalSection(ProjectConfigurationPlatforms) = postSolution
		{C0B4ECED-D613-44AB-B7C1-EE2F6D08CEA8}.Debug|Any CPU.ActiveCfg = Debug|Any CPU
		{C0B4ECED-D613-44AB-B7C1-EE2F6D08CEA8}.Debug|Any CPU.Build.0 = Debug|Any CPU
		{C0B4ECED-D613-44AB-B7C1-EE2F6D08CEA8}.Release|Any CPU.ActiveCfg = Release|Any CPU
		{C0B4ECED-D613-44AB-B7C1-EE2F6D08CEA8}.Release|Any CPU.Build.0 = Release|Any CPU
	EndGlobalSection
	GlobalSection(SolutionProperties) = preSolution
		HideSolutionNode = FALSE
	EndGlobalSection
	GlobalSection(ExtensibilityGlobals) = postSolution
		SolutionGuid = {D3D833E9-BF16-49D6-A460-E9125C2E0382}
	EndGlobalSection
EndGlobal
